{
  "lockfile_version": "1",
  "packages": {
    "go@1.23.1": {
      "last_modified": "2024-09-10T15:01:03Z",
      "resolved": "github:NixOS/nixpkgs/5ed627539ac84809c78b2dd6d26a5cebeb5ae269#go_1_23",
      "source": "devbox-search",
      "version": "1.23.1",
      "systems": {
        "aarch64-darwin": {
          "outputs": [
            {
              "name": "out",
              "path": "/nix/store/nvaay1c4banbccyvv6ba1gzyqpypjmfq-go-1.23.1",
              "default": true
            }
          ],
          "store_path": "/nix/store/nvaay1c4banbccyvv6ba1gzyqpypjmfq-go-1.23.1"
        },
        "aarch64-linux": {
          "outputs": [
            {
              "name": "out",
              "path": "/nix/store/9ylsay11jb3p6yarkmlz0fin76cdypwa-go-1.23.1",
              "default": true
            }
          ],
          "store_path": "/nix/store/9ylsay11jb3p6yarkmlz0fin76cdypwa-go-1.23.1"
        },
        "x86_64-darwin": {
          "outputs": [
            {
              "name": "out",
              "path": "/nix/store/zkg5xhyx2rs03dq0qp14nqlx9ff1y5c5-go-1.23.1",
              "default": true
            }
          ],
          "store_path": "/nix/store/zkg5xhyx2rs03dq0qp14nqlx9ff1y5c5-go-1.23.1"
        },
        "x86_64-linux": {
          "outputs": [
            {
              "name": "out",
              "path": "/nix/store/mi0ybwsm6pmxzv9hsm6bcbqaq1pkf8wh-go-1.23.1",
              "default": true
            }
          ],
          "store_path": "/nix/store/mi0ybwsm6pmxzv9hsm6bcbqaq1pkf8wh-go-1.23.1"
        }
      }
    },
    "kubebuilder@4.2.0": {
      "last_modified": "2024-09-10T15:01:03Z",
      "resolved": "github:NixOS/nixpkgs/5ed627539ac84809c78b2dd6d26a5cebeb5ae269#kubebuilder",
      "source": "devbox-search",
      "version": "4.2.0",
      "systems": {
        "aarch64-darwin": {
          "outputs": [
            {
              "name": "out",
              "path": "/nix/store/vlyi1i8dap496409swww9zbkss1zbgr2-kubebuilder-4.2.0",
              "default": true
            }
          ],
          "store_path": "/nix/store/vlyi1i8dap496409swww9zbkss1zbgr2-kubebuilder-4.2.0"
        },
        "aarch64-linux": {
          "outputs": [
            {
              "name": "out",
              "path": "/nix/store/lmv0n1aip0in150zphd1w7qvivh5dhhn-kubebuilder-4.2.0",
              "default": true
            }
          ],
          "store_path": "/nix/store/lmv0n1aip0in150zphd1w7qvivh5dhhn-kubebuilder-4.2.0"
        },
        "x86_64-darwin": {
          "outputs": [
            {
              "name": "out",
              "path": "/nix/store/nbv1qb8gq2zxa6r0zzb7hy6xmv48a0hx-kubebuilder-4.2.0",
              "default": true
            }
          ],
          "store_path": "/nix/store/nbv1qb8gq2zxa6r0zzb7hy6xmv48a0hx-kubebuilder-4.2.0"
        },
        "x86_64-linux": {
          "outputs": [
            {
              "name": "out",
              "path": "/nix/store/k1h0xwmmm9prp7mivk22nnk98xq62486-kubebuilder-4.2.0",
              "default": true
            }
          ],
          "store_path": "/nix/store/k1h0xwmmm9prp7mivk22nnk98xq62486-kubebuilder-4.2.0"
        }
      }
    },
    "kubectl@1.31.0": {
      "last_modified": "2024-09-20T05:11:28Z",
      "resolved": "github:NixOS/nixpkgs/79454ee9aacc9714653a4e7eb2a52b717728caff#kubectl",
      "source": "devbox-search",
      "version": "1.31.0",
      "systems": {
        "aarch64-darwin": {
          "outputs": [
            {
              "name": "out",
              "path": "/nix/store/a3sbf306xajs0af6pcz34pw4pi9mkmj5-kubectl-1.31.0",
              "default": true
            },
            {
              "name": "man",
              "path": "/nix/store/ap867akfi9x10mzsbna51rxfh5wx5av2-kubectl-1.31.0-man",
              "default": true
            },
            {
              "name": "convert",
              "path": "/nix/store/n3g8pl6v8qf08d6z6pjllrb89ysr1zsc-kubectl-1.31.0-convert"
            }
          ],
          "store_path": "/nix/store/a3sbf306xajs0af6pcz34pw4pi9mkmj5-kubectl-1.31.0"
        },
        "aarch64-linux": {
          "outputs": [
            {
              "name": "out",
              "path": "/nix/store/qg9r3qqnjjxqmaq9qqbyh9x12k1vvqhv-kubectl-1.31.0",
              "default": true
            },
            {
              "name": "man",
              "path": "/nix/store/j132aazwv8nylcr4ciddmyhfwy48al5w-kubectl-1.31.0-man",
              "default": true
            },
            {
              "name": "convert",
              "path": "/nix/store/rc505l8rn9sd9g75hkxv1vq8zhr37j4x-kubectl-1.31.0-convert"
            }
          ],
          "store_path": "/nix/store/qg9r3qqnjjxqmaq9qqbyh9x12k1vvqhv-kubectl-1.31.0"
        },
        "x86_64-darwin": {
          "outputs": [
            {
              "name": "out",
              "path": "/nix/store/c5q71r4zbx9jjrdg1bky82q3ak87dsmn-kubectl-1.31.0",
              "default": true
            },
            {
              "name": "man",
              "path": "/nix/store/fqnpf91mg1w1z7glgx42wxgw8k2j4ym0-kubectl-1.31.0-man",
              "default": true
            },
            {
              "name": "convert",
              "path": "/nix/store/arnjlmd1zxdnp76qgk343ybqkjs3d4fb-kubectl-1.31.0-convert"
            }
          ],
          "store_path": "/nix/store/c5q71r4zbx9jjrdg1bky82q3ak87dsmn-kubectl-1.31.0"
        },
        "x86_64-linux": {
          "outputs": [
            {
              "name": "out",
              "path": "/nix/store/2xi1vzmqlbsqg9k3n1m204n56als7lyn-kubectl-1.31.0",
              "default": true
            },
            {
              "name": "man",
              "path": "/nix/store/75y8hkbk46qksfhqbkv5ass7xx3x1xsh-kubectl-1.31.0-man",
              "default": true
            },
            {
              "name": "convert",
              "path": "/nix/store/h9v1hlig44y827ms1cszwld3agdbh47k-kubectl-1.31.0-convert"
            }
          ],
          "store_path": "/nix/store/2xi1vzmqlbsqg9k3n1m204n56als7lyn-kubectl-1.31.0"
        }
      }
    },
    "zellij@0.40.1": {
      "last_modified": "2024-09-10T15:01:03Z",
      "resolved": "github:NixOS/nixpkgs/5ed627539ac84809c78b2dd6d26a5cebeb5ae269#zellij",
      "source": "devbox-search",
      "version": "0.40.1",
      "systems": {
        "aarch64-darwin": {
          "outputs": [
            {
              "name": "out",
              "path": "/nix/store/jpy1nxkg8581jq39vbvl5lpw1y23vxqa-zellij-0.40.1",
              "default": true
            }
          ],
          "store_path": "/nix/store/jpy1nxkg8581jq39vbvl5lpw1y23vxqa-zellij-0.40.1"
        },
        "aarch64-linux": {
          "outputs": [
            {
              "name": "out",
              "path": "/nix/store/32kgf0nn1akak86vr98yjd84k1fdhzjp-zellij-0.40.1",
              "default": true
            }
          ],
          "store_path": "/nix/store/32kgf0nn1akak86vr98yjd84k1fdhzjp-zellij-0.40.1"
        },
        "x86_64-darwin": {
          "outputs": [
            {
              "name": "out",
              "path": "/nix/store/y7wr0gr8rhxqfnvrf4zb2chbz2jr4z0a-zellij-0.40.1",
              "default": true
            }
          ],
          "store_path": "/nix/store/y7wr0gr8rhxqfnvrf4zb2chbz2jr4z0a-zellij-0.40.1"
        },
        "x86_64-linux": {
          "outputs": [
            {
              "name": "out",
              "path": "/nix/store/2hzr8dpliwppqifrr0mk419p9hwmziz1-zellij-0.40.1",
              "default": true
            }
          ],
          "store_path": "/nix/store/2hzr8dpliwppqifrr0mk419p9hwmziz1-zellij-0.40.1"
        }
      }
    }
  }
}
